
Microsoft Visual Studio Solution File, Format Version 12.00
# Visual Studio 14
VisualStudioVersion = 14.0.24720.0
MinimumVisualStudioVersion = 10.0.40219.1
Project("{FAE04EC0-301F-11D3-BF4B-00C04F79EFBC}") = "SharePointLiveCode", "SharePointLiveCode.csproj", "{80C4B38B-EFBF-4079-8E21-D0B690D2FC8D}"
EndProject
Project("{FAE04EC0-301F-11D3-BF4B-00C04F79EFBC}") = "SharePointLiveCode Projects", "..\SharePointLiveCode Projects\SharePointLiveCode Projects.csproj", "{E0E64D21-912E-4246-B526-D215C939B803}"
EndProject
Global
	GlobalSection(SolutionConfigurationPlatforms) = preSolution
		Debug|Any CPU = Debug|Any CPU
		Release|Any CPU = Release|Any CPU
	EndGlobalSection
	GlobalSection(ProjectConfigurationPlatforms) = postSolution
		{80C4B38B-EFBF-4079-8E21-D0B690D2FC8D}.Debug|Any CPU.ActiveCfg = Debug|Any CPU
		{80C4B38B-EFBF-4079-8E21-D0B690D2FC8D}.Debug|Any CPU.Build.0 = Debug|Any CPU
		{80C4B38B-EFBF-4079-8E21-D0B690D2FC8D}.Debug|Any CPU.Deploy.0 = Debug|Any CPU
		{80C4B38B-EFBF-4079-8E21-D0B690D2FC8D}.Release|Any CPU.ActiveCfg = Release|Any CPU
		{80C4B38B-EFBF-4079-8E21-D0B690D2FC8D}.Release|Any CPU.Build.0 = Release|Any CPU
		{80C4B38B-EFBF-4079-8E21-D0B690D2FC8D}.Release|Any CPU.Deploy.0 = Release|Any CPU
		{E0E64D21-912E-4246-B526-D215C939B803}.Debug|Any CPU.ActiveCfg = Debug|Any CPU
		{E0E64D21-912E-4246-B526-D215C939B803}.Debug|Any CPU.Build.0 = Debug|Any CPU
		{E0E64D21-912E-4246-B526-D215C939B803}.Release|Any CPU.ActiveCfg = Release|Any CPU
		{E0E64D21-912E-4246-B526-D215C939B803}.Release|Any CPU.Build.0 = Release|Any CPU
	EndGlobalSection
	GlobalSection(SolutionProperties) = preSolution
		HideSolutionNode = FALSE
	EndGlobalSection
	GlobalSection(TeamFoundationVersionControl) = preSolution
		SccNumberOfProjects = 3
		SccEnterpriseProvider = {4CA58AB2-18FA-4F8D-95D4-32DDF27D184C}
		SccTeamFoundationServer = https://tfs.codeplex.com/tfs/tfs40
		SccLocalPath0 = .
		SccProjectUniqueName1 = SharePointLiveCode.csproj
		SccLocalPath1 = .
		SccProjectUniqueName2 = ..\\SharePointLiveCode\u0020Projects\\SharePointLiveCode\u0020Projects.csproj
		SccProjectName2 = ../SharePointLiveCode\u0020Projects
		SccLocalPath2 = ..\\SharePointLiveCode\u0020Projects
	EndGlobalSection
EndGlobal
